// !$*UTF8*$!
{
	archiveVersion = 1;
	classes = {
	};
	objectVersion = 55;
	objects = {

/* Begin PBXBuildFile section */
		1C57B07D289366A500EA7DD9 /* landmarkData.json in Resources */ = {isa = PBXBuildFile; fileRef = 1C57B07C289366A500EA7DD9 /* landmarkData.json */; };
		1C57B07F289366C000EA7DD9 /* Landmark.swift in Sources */ = {isa = PBXBuildFile; fileRef = 1C57B07E289366C000EA7DD9 /* Landmark.swift */; };
		1CE034582894CA66006E0837 /* ModelData.swift in Sources */ = {isa = PBXBuildFile; fileRef = 1CE034572894CA66006E0837 /* ModelData.swift */; };
		1CE0345E2894CB3F006E0837 /* LandmarkRow.swift in Sources */ = {isa = PBXBuildFile; fileRef = 1CE0345D2894CB3F006E0837 /* LandmarkRow.swift */; };
		1CE034602894CBDB006E0837 /* LandmarkList.swift in Sources */ = {isa = PBXBuildFile; fileRef = 1CE0345F2894CBDB006E0837 /* LandmarkList.swift */; };
		1CE034622894CD9D006E0837 /* LandmarkDetail.swift in Sources */ = {isa = PBXBuildFile; fileRef = 1CE034612894CD9D006E0837 /* LandmarkDetail.swift */; };
		1CE034642894E97A006E0837 /* FavoriteButton.swift in Sources */ = {isa = PBXBuildFile; fileRef = 1CE034632894E97A006E0837 /* FavoriteButton.swift */; };
		1CFC1F542883BA7C0017F6F4 /* Assignment1App.swift in Sources */ = {isa = PBXBuildFile; fileRef = 1CFC1F532883BA7C0017F6F4 /* Assignment1App.swift */; };
		1CFC1F562883BA7C0017F6F4 /* ContentView.swift in Sources */ = {isa = PBXBuildFile; fileRef = 1CFC1F552883BA7C0017F6F4 /* ContentView.swift */; };
		1CFC1F582883BA7D0017F6F4 /* Assets.xcassets in Resources */ = {isa = PBXBuildFile; fileRef = 1CFC1F572883BA7D0017F6F4 /* Assets.xcassets */; };
		1CFC1F5B2883BA7D0017F6F4 /* Preview Assets.xcassets in Resources */ = {isa = PBXBuildFile; fileRef = 1CFC1F5A2883BA7D0017F6F4 /* Preview Assets.xcassets */; };
		1CFC1F652883BA7E0017F6F4 /* Assignment1Tests.swift in Sources */ = {isa = PBXBuildFile; fileRef = 1CFC1F642883BA7E0017F6F4 /* Assignment1Tests.swift */; };
		1CFC1F6F2883BA7E0017F6F4 /* Assignment1UITests.swift in Sources */ = {isa = PBXBuildFile; fileRef = 1CFC1F6E2883BA7E0017F6F4 /* Assignment1UITests.swift */; };
		1CFC1F712883BA7E0017F6F4 /* Assignment1UITestsLaunchTests.swift in Sources */ = {isa = PBXBuildFile; fileRef = 1CFC1F702883BA7E0017F6F4 /* Assignment1UITestsLaunchTests.swift */; };
		1CFC1F7E2883C4310017F6F4 /* CircleImage.swift in Sources */ = {isa = PBXBuildFile; fileRef = 1CFC1F7D2883C4310017F6F4 /* CircleImage.swift */; };
		1CFC1F802883C4900017F6F4 /* MapView.swift in Sources */ = {isa = PBXBuildFile; fileRef = 1CFC1F7F2883C4900017F6F4 /* MapView.swift */; };
/* End PBXBuildFile section */

/* Begin PBXContainerItemProxy section */
		1CFC1F612883BA7D0017F6F4 /* PBXContainerItemProxy */ = {
			isa = PBXContainerItemProxy;
			containerPortal = 1CFC1F482883BA7C0017F6F4 /* Project object */;
			proxyType = 1;
			remoteGlobalIDString = 1CFC1F4F2883BA7C0017F6F4;
			remoteInfo = Assignment1;
		};
		1CFC1F6B2883BA7E0017F6F4 /* PBXContainerItemProxy */ = {
			isa = PBXContainerItemProxy;
			containerPortal = 1CFC1F482883BA7C0017F6F4 /* Project object */;
			proxyType = 1;
			remoteGlobalIDString = 1CFC1F4F2883BA7C0017F6F4;
			remoteInfo = Assignment1;
		};
/* End PBXContainerItemProxy section */

/* Begin PBXFileReference section */
		1C57B07C289366A500EA7DD9 /* landmarkData.json */ = {isa = PBXFileReference; fileEncoding = 4; lastKnownFileType = text.json; path = landmarkData.json; sourceTree = "<group>"; };
		1C57B07E289366C000EA7DD9 /* Landmark.swift */ = {isa = PBXFileReference; lastKnownFileType = sourcecode.swift; path = Landmark.swift; sourceTree = "<group>"; };
		1CE034572894CA66006E0837 /* ModelData.swift */ = {isa = PBXFileReference; lastKnownFileType = sourcecode.swift; path = ModelData.swift; sourceTree = "<group>"; };
		1CE0345D2894CB3F006E0837 /* LandmarkRow.swift */ = {isa = PBXFileReference; lastKnownFileType = sourcecode.swift; path = LandmarkRow.swift; sourceTree = "<group>"; };
		1CE0345F2894CBDB006E0837 /* LandmarkList.swift */ = {isa = PBXFileReference; lastKnownFileType = sourcecode.swift; path = LandmarkList.swift; sourceTree = "<group>"; };
		1CE034612894CD9D006E0837 /* LandmarkDetail.swift */ = {isa = PBXFileReference; lastKnownFileType = sourcecode.swift; path = LandmarkDetail.swift; sourceTree = "<group>"; };
		1CE034632894E97A006E0837 /* FavoriteButton.swift */ = {isa = PBXFileReference; lastKnownFileType = sourcecode.swift; path = FavoriteButton.swift; sourceTree = "<group>"; };
		1CFC1F502883BA7C0017F6F4 /* Assignment1.app */ = {isa = PBXFileReference; explicitFileType = wrapper.application; includeInIndex = 0; path = Assignment1.app; sourceTree = BUILT_PRODUCTS_DIR; };
		1CFC1F532883BA7C0017F6F4 /* Assignment1App.swift */ = {isa = PBXFileReference; lastKnownFileType = sourcecode.swift; path = Assignment1App.swift; sourceTree = "<group>"; };
		1CFC1F552883BA7C0017F6F4 /* ContentView.swift */ = {isa = PBXFileReference; lastKnownFileType = sourcecode.swift; path = ContentView.swift; sourceTree = "<group>"; };
		1CFC1F572883BA7D0017F6F4 /* Assets.xcassets */ = {isa = PBXFileReference; lastKnownFileType = folder.assetcatalog; path = Assets.xcassets; sourceTree = "<group>"; };
		1CFC1F5A2883BA7D0017F6F4 /* Preview Assets.xcassets */ = {isa = PBXFileReference; lastKnownFileType = folder.assetcatalog; path = "Preview Assets.xcassets"; sourceTree = "<group>"; };
		1CFC1F602883BA7D0017F6F4 /* Assignment1Tests.xctest */ = {isa = PBXFileReference; explicitFileType = wrapper.cfbundle; includeInIndex = 0; path = Assignment1Tests.xctest; sourceTree = BUILT_PRODUCTS_DIR; };
		1CFC1F642883BA7E0017F6F4 /* Assignment1Tests.swift */ = {isa = PBXFileReference; lastKnownFileType = sourcecode.swift; path = Assignment1Tests.swift; sourceTree = "<group>"; };
		1CFC1F6A2883BA7E0017F6F4 /* Assignment1UITests.xctest */ = {isa = PBXFileReference; explicitFileType = wrapper.cfbundle; includeInIndex = 0; path = Assignment1UITests.xctest; sourceTree = BUILT_PRODUCTS_DIR; };
		1CFC1F6E2883BA7E0017F6F4 /* Assignment1UITests.swift */ = {isa = PBXFileReference; lastKnownFileType = sourcecode.swift; path = Assignment1UITests.swift; sourceTree = "<group>"; };
		1CFC1F702883BA7E0017F6F4 /* Assignment1UITestsLaunchTests.swift */ = {isa = PBXFileReference; lastKnownFileType = sourcecode.swift; path = Assignment1UITestsLaunchTests.swift; sourceTree = "<group>"; };
		1CFC1F7D2883C4310017F6F4 /* CircleImage.swift */ = {isa = PBXFileReference; lastKnownFileType = sourcecode.swift; path = CircleImage.swift; sourceTree = "<group>"; };
		1CFC1F7F2883C4900017F6F4 /* MapView.swift */ = {isa = PBXFileReference; lastKnownFileType = sourcecode.swift; path = MapView.swift; sourceTree = "<group>"; };
/* End PBXFileReference section */

/* Begin PBXFrameworksBuildPhase section */
		1CFC1F4D2883BA7C0017F6F4 /* Frameworks */ = {
			isa = PBXFrameworksBuildPhase;
			buildActionMask = 2147483647;
			files = (
			);
			runOnlyForDeploymentPostprocessing = 0;
		};
		1CFC1F5D2883BA7D0017F6F4 /* Frameworks */ = {
			isa = PBXFrameworksBuildPhase;
			buildActionMask = 2147483647;
			files = (
			);
			runOnlyForDeploymentPostprocessing = 0;
		};
		1CFC1F672883BA7E0017F6F4 /* Frameworks */ = {
			isa = PBXFrameworksBuildPhase;
			buildActionMask = 2147483647;
			files = (
			);
			runOnlyForDeploymentPostprocessing = 0;
		};
/* End PBXFrameworksBuildPhase section */

/* Begin PBXGroup section */
		1CE034592894CAAE006E0837 /* Views */ = {
			isa = PBXGroup;
			children = (
				1CFC1F552883BA7C0017F6F4 /* ContentView.swift */,
				1CFC1F7D2883C4310017F6F4 /* CircleImage.swift */,
				1CFC1F7F2883C4900017F6F4 /* MapView.swift */,
				1CE0345D2894CB3F006E0837 /* LandmarkRow.swift */,
				1CE0345F2894CBDB006E0837 /* LandmarkList.swift */,
				1CE034612894CD9D006E0837 /* LandmarkDetail.swift */,
				1CE034632894E97A006E0837 /* FavoriteButton.swift */,
			);
			path = Views;
			sourceTree = "<group>";
		};
		1CE0345B2894CAD6006E0837 /* Models */ = {
			isa = PBXGroup;
			children = (
				1C57B07E289366C000EA7DD9 /* Landmark.swift */,
				1CE034572894CA66006E0837 /* ModelData.swift */,
			);
			path = Models;
			sourceTree = "<group>";
		};
		1CE0345C2894CAE4006E0837 /* Resources */ = {
			isa = PBXGroup;
			children = (
				1C57B07C289366A500EA7DD9 /* landmarkData.json */,
			);
			path = Resources;
			sourceTree = "<group>";
		};
		1CFC1F472883BA7C0017F6F4 = {
			isa = PBXGroup;
			children = (
				1CFC1F522883BA7C0017F6F4 /* Assignment1 */,
				1CFC1F632883BA7D0017F6F4 /* Assignment1Tests */,
				1CFC1F6D2883BA7E0017F6F4 /* Assignment1UITests */,
				1CFC1F512883BA7C0017F6F4 /* Products */,
			);
			sourceTree = "<group>";
		};
		1CFC1F512883BA7C0017F6F4 /* Products */ = {
			isa = PBXGroup;
			children = (
				1CFC1F502883BA7C0017F6F4 /* Assignment1.app */,
				1CFC1F602883BA7D0017F6F4 /* Assignment1Tests.xctest */,
				1CFC1F6A2883BA7E0017F6F4 /* Assignment1UITests.xctest */,
			);
			name = Products;
			sourceTree = "<group>";
		};
		1CFC1F522883BA7C0017F6F4 /* Assignment1 */ = {
			isa = PBXGroup;
			children = (
				1CE0345C2894CAE4006E0837 /* Resources */,
				1CE0345B2894CAD6006E0837 /* Models */,
				1CE034592894CAAE006E0837 /* Views */,
				1CFC1F532883BA7C0017F6F4 /* Assignment1App.swift */,
				1CFC1F572883BA7D0017F6F4 /* Assets.xcassets */,
				1CFC1F592883BA7D0017F6F4 /* Preview Content */,
			);
			path = Assignment1;
			sourceTree = "<group>";
		};
		1CFC1F592883BA7D0017F6F4 /* Preview Content */ = {
			isa = PBXGroup;
			children = (
				1CFC1F5A2883BA7D0017F6F4 /* Preview Assets.xcassets */,
			);
			path = "Preview Content";
			sourceTree = "<group>";
		};
		1CFC1F632883BA7D0017F6F4 /* Assignment1Tests */ = {
			isa = PBXGroup;
			children = (
				1CFC1F642883BA7E0017F6F4 /* Assignment1Tests.swift */,
			);
			path = Assignment1Tests;
			sourceTree = "<group>";
		};
		1CFC1F6D2883BA7E0017F6F4 /* Assignment1UITests */ = {
			isa = PBXGroup;
			children = (
				1CFC1F6E2883BA7E0017F6F4 /* Assignment1UITests.swift */,
				1CFC1F702883BA7E0017F6F4 /* Assignment1UITestsLaunchTests.swift */,
			);
			path = Assignment1UITests;
			sourceTree = "<group>";
		};
/* End PBXGroup section */

/* Begin PBXNativeTarget section */
		1CFC1F4F2883BA7C0017F6F4 /* Assignment1 */ = {
			isa = PBXNativeTarget;
			buildConfigurationList = 1CFC1F742883BA7E0017F6F4 /* Build configuration list for PBXNativeTarget "Assignment1" */;
			buildPhases = (
				1CFC1F4C2883BA7C0017F6F4 /* Sources */,
				1CFC1F4D2883BA7C0017F6F4 /* Frameworks */,
				1CFC1F4E2883BA7C0017F6F4 /* Resources */,
			);
			buildRules = (
			);
			dependencies = (
			);
			name = Assignment1;
			productName = Assignment1;
			productReference = 1CFC1F502883BA7C0017F6F4 /* Assignment1.app */;
			productType = "com.apple.product-type.application";
		};
		1CFC1F5F2883BA7D0017F6F4 /* Assignment1Tests */ = {
			isa = PBXNativeTarget;
			buildConfigurationList = 1CFC1F772883BA7E0017F6F4 /* Build configuration list for PBXNativeTarget "Assignment1Tests" */;
			buildPhases = (
				1CFC1F5C2883BA7D0017F6F4 /* Sources */,
				1CFC1F5D2883BA7D0017F6F4 /* Frameworks */,
				1CFC1F5E2883BA7D0017F6F4 /* Resources */,
			);
			buildRules = (
			);
			dependencies = (
				1CFC1F622883BA7D0017F6F4 /* PBXTargetDependency */,
			);
			name = Assignment1Tests;
			productName = Assignment1Tests;
			productReference = 1CFC1F602883BA7D0017F6F4 /* Assignment1Tests.xctest */;
			productType = "com.apple.product-type.bundle.unit-test";
		};
		1CFC1F692883BA7E0017F6F4 /* Assignment1UITests */ = {
			isa = PBXNativeTarget;
			buildConfigurationList = 1CFC1F7A2883BA7E0017F6F4 /* Build configuration list for PBXNativeTarget "Assignment1UITests" */;
			buildPhases = (
				1CFC1F662883BA7E0017F6F4 /* Sources */,
				1CFC1F672883BA7E0017F6F4 /* Frameworks */,
				1CFC1F682883BA7E0017F6F4 /* Resources */,
			);
			buildRules = (
			);
			dependencies = (
				1CFC1F6C2883BA7E0017F6F4 /* PBXTargetDependency */,
			);
			name = Assignment1UITests;
			productName = Assignment1UITests;
			productReference = 1CFC1F6A2883BA7E0017F6F4 /* Assignment1UITests.xctest */;
			productType = "com.apple.product-type.bundle.ui-testing";
		};
/* End PBXNativeTarget section */

/* Begin PBXProject section */
		1CFC1F482883BA7C0017F6F4 /* Project object */ = {
			isa = PBXProject;
			attributes = {
				BuildIndependentTargetsInParallel = 1;
				LastSwiftUpdateCheck = 1340;
				LastUpgradeCheck = 1340;
				TargetAttributes = {
					1CFC1F4F2883BA7C0017F6F4 = {
						CreatedOnToolsVersion = 13.4.1;
					};
					1CFC1F5F2883BA7D0017F6F4 = {
						CreatedOnToolsVersion = 13.4.1;
						TestTargetID = 1CFC1F4F2883BA7C0017F6F4;
					};
					1CFC1F692883BA7E0017F6F4 = {
						CreatedOnToolsVersion = 13.4.1;
						TestTargetID = 1CFC1F4F2883BA7C0017F6F4;
					};
				};
			};
			buildConfigurationList = 1CFC1F4B2883BA7C0017F6F4 /* Build configuration list for PBXProject "Assignment1" */;
			compatibilityVersion = "Xcode 13.0";
			developmentRegion = en;
			hasScannedForEncodings = 0;
			knownRegions = (
				en,
				Base,
			);
			mainGroup = 1CFC1F472883BA7C0017F6F4;
			productRefGroup = 1CFC1F512883BA7C0017F6F4 /* Products */;
			projectDirPath = "";
			projectRoot = "";
			targets = (
				1CFC1F4F2883BA7C0017F6F4 /* Assignment1 */,
				1CFC1F5F2883BA7D0017F6F4 /* Assignment1Tests */,
				1CFC1F692883BA7E0017F6F4 /* Assignment1UITests */,
			);
		};
/* End PBXProject section */

/* Begin PBXResourcesBuildPhase section */
		1CFC1F4E2883BA7C0017F6F4 /* Resources */ = {
			isa = PBXResourcesBuildPhase;
			buildActionMask = 2147483647;
			files = (
				1CFC1F5B2883BA7D0017F6F4 /* Preview Assets.xcassets in Resources */,
				1CFC1F582883BA7D0017F6F4 /* Assets.xcassets in Resources */,
				1C57B07D289366A500EA7DD9 /* landmarkData.json in Resources */,
			);
			runOnlyForDeploymentPostprocessing = 0;
		};
		1CFC1F5E2883BA7D0017F6F4 /* Resources */ = {
			isa = PBXResourcesBuildPhase;
			buildActionMask = 2147483647;
			files = (
			);
			runOnlyForDeploymentPostprocessing = 0;
		};
		1CFC1F682883BA7E0017F6F4 /* Resources */ = {
			isa = PBXResourcesBuildPhase;
			buildActionMask = 2147483647;
			files = (
			);
			runOnlyForDeploymentPostprocessing = 0;
		};
/* End PBXResourcesBuildPhase section */

/* Begin PBXSourcesBuildPhase section */
		1CFC1F4C2883BA7C0017F6F4 /* Sources */ = {
			isa = PBXSourcesBuildPhase;
			buildActionMask = 2147483647;
			files = (
				1CFC1F562883BA7C0017F6F4 /* ContentView.swift in Sources */,
				1CFC1F802883C4900017F6F4 /* MapView.swift in Sources */,
				1CFC1F542883BA7C0017F6F4 /* Assignment1App.swift in Sources */,
				1CE034642894E97A006E0837 /* FavoriteButton.swift in Sources */,
				1CE034602894CBDB006E0837 /* LandmarkList.swift in Sources */,
				1CE034622894CD9D006E0837 /* LandmarkDetail.swift in Sources */,
				1CFC1F7E2883C4310017F6F4 /* CircleImage.swift in Sources */,
				1C57B07F289366C000EA7DD9 /* Landmark.swift in Sources */,
				1CE0345E2894CB3F006E0837 /* LandmarkRow.swift in Sources */,
				1CE034582894CA66006E0837 /* ModelData.swift in Sources */,
			);
			runOnlyForDeploymentPostprocessing = 0;
		};
		1CFC1F5C2883BA7D0017F6F4 /* Sources */ = {
			isa = PBXSourcesBuildPhase;
			buildActionMask = 2147483647;
			files = (
				1CFC1F652883BA7E0017F6F4 /* Assignment1Tests.swift in Sources */,
			);
			runOnlyForDeploymentPostprocessing = 0;
		};
		1CFC1F662883BA7E0017F6F4 /* Sources */ = {
			isa = PBXSourcesBuildPhase;
			buildActionMask = 2147483647;
			files = (
				1CFC1F6F2883BA7E0017F6F4 /* Assignment1UITests.swift in Sources */,
				1CFC1F712883BA7E0017F6F4 /* Assignment1UITestsLaunchTests.swift in Sources */,
			);
			runOnlyForDeploymentPostprocessing = 0;
		};
/* End PBXSourcesBuildPhase section */

/* Begin PBXTargetDependency section */
		1CFC1F622883BA7D0017F6F4 /* PBXTargetDependency */ = {
			isa = PBXTargetDependency;
			target = 1CFC1F4F2883BA7C0017F6F4 /* Assignment1 */;
			targetProxy = 1CFC1F612883BA7D0017F6F4 /* PBXContainerItemProxy */;
		};
		1CFC1F6C2883BA7E0017F6F4 /* PBXTargetDependency */ = {
			isa = PBXTargetDependency;
			target = 1CFC1F4F2883BA7C0017F6F4 /* Assignment1 */;
			targetProxy = 1CFC1F6B2883BA7E0017F6F4 /* PBXContainerItemProxy */;
		};
/* End PBXTargetDependency section */

/* Begin XCBuildConfiguration section */
		1CFC1F722883BA7E0017F6F4 /* Debug */ = {
			isa = XCBuildConfiguration;
			buildSettings = {
				ALWAYS_SEARCH_USER_PATHS = NO;
				CLANG_ANALYZER_NONNULL = YES;
				CLANG_ANALYZER_NUMBER_OBJECT_CONVERSION = YES_AGGRESSIVE;
				CLANG_CXX_LANGUAGE_STANDARD = "gnu++17";
				CLANG_ENABLE_MODULES = YES;
				CLANG_ENABLE_OBJC_ARC = YES;
				CLANG_ENABLE_OBJC_WEAK = YES;
				CLANG_WARN_BLOCK_CAPTURE_AUTORELEASING = YES;
				CLANG_WARN_BOOL_CONVERSION = YES;
				CLANG_WARN_COMMA = YES;
				CLANG_WARN_CONSTANT_CONVERSION = YES;
				CLANG_WARN_DEPRECATED_OBJC_IMPLEMENTATIONS = YES;
				CLANG_WARN_DIRECT_OBJC_ISA_USAGE = YES_ERROR;
				CLANG_WARN_DOCUMENTATION_COMMENTS = YES;
				CLANG_WARN_EMPTY_BODY = YES;
				CLANG_WARN_ENUM_CONVERSION = YES;
				CLANG_WARN_INFINITE_RECURSION = YES;
				CLANG_WARN_INT_CONVERSION = YES;
				CLANG_WARN_NON_LITERAL_NULL_CONVERSION = YES;
				CLANG_WARN_OBJC_IMPLICIT_RETAIN_SELF = YES;
				CLANG_WARN_OBJC_LITERAL_CONVERSION = YES;
				CLANG_WARN_OBJC_ROOT_CLASS = YES_ERROR;
				CLANG_WARN_QUOTED_INCLUDE_IN_FRAMEWORK_HEADER = YES;
				CLANG_WARN_RANGE_LOOP_ANALYSIS = YES;
				CLANG_WARN_STRICT_PROTOTYPES = YES;
				CLANG_WARN_SUSPICIOUS_MOVE = YES;
				CLANG_WARN_UNGUARDED_AVAILABILITY = YES_AGGRESSIVE;
				CLANG_WARN_UNREACHABLE_CODE = YES;
				CLANG_WARN__DUPLICATE_METHOD_MATCH = YES;
				COPY_PHASE_STRIP = NO;
				DEBUG_INFORMATION_FORMAT = dwarf;
				ENABLE_STRICT_OBJC_MSGSEND = YES;
				ENABLE_TESTABILITY = YES;
				GCC_C_LANGUAGE_STANDARD = gnu11;
				GCC_DYNAMIC_NO_PIC = NO;
				GCC_NO_COMMON_BLOCKS = YES;
				GCC_OPTIMIZATION_LEVEL = 0;
				GCC_PREPROCESSOR_DEFINITIONS = (
					"DEBUG=1",
					"$(inherited)",
				);
				GCC_WARN_64_TO_32_BIT_CONVERSION = YES;
				GCC_WARN_ABOUT_RETURN_TYPE = YES_ERROR;
				GCC_WARN_UNDECLARED_SELECTOR = YES;
				GCC_WARN_UNINITIALIZED_AUTOS = YES_AGGRESSIVE;
				GCC_WARN_UNUSED_FUNCTION = YES;
				GCC_WARN_UNUSED_VARIABLE = YES;
				IPHONEOS_DEPLOYMENT_TARGET = 15.5;
				MTL_ENABLE_DEBUG_INFO = INCLUDE_SOURCE;
				MTL_FAST_MATH = YES;
				ONLY_ACTIVE_ARCH = YES;
				SDKROOT = iphoneos;
				SWIFT_ACTIVE_COMPILATION_CONDITIONS = DEBUG;
				SWIFT_OPTIMIZATION_LEVEL = "-Onone";
			};
			name = Debug;
		};
		1CFC1F732883BA7E0017F6F4 /* Release */ = {
			isa = XCBuildConfiguration;
			buildSettings = {
				ALWAYS_SEARCH_USER_PATHS = NO;
				CLANG_ANALYZER_NONNULL = YES;
				CLANG_ANALYZER_NUMBER_OBJECT_CONVERSION = YES_AGGRESSIVE;
				CLANG_CXX_LANGUAGE_STANDARD = "gnu++17";
				CLANG_ENABLE_MODULES = YES;
				CLANG_ENABLE_OBJC_ARC = YES;
				CLANG_ENABLE_OBJC_WEAK = YES;
				CLANG_WARN_BLOCK_CAPTURE_AUTORELEASING = YES;
				CLANG_WARN_BOOL_CONVERSION = YES;
				CLANG_WARN_COMMA = YES;
				CLANG_WARN_CONSTANT_CONVERSION = YES;
				CLANG_WARN_DEPRECATED_OBJC_IMPLEMENTATIONS = YES;
				CLANG_WARN_DIRECT_OBJC_ISA_USAGE = YES_ERROR;
				CLANG_WARN_DOCUMENTATION_COMMENTS = YES;
				CLANG_WARN_EMPTY_BODY = YES;
				CLANG_WARN_ENUM_CONVERSION = YES;
				CLANG_WARN_INFINITE_RECURSION = YES;
				CLANG_WARN_INT_CONVERSION = YES;
				CLANG_WARN_NON_LITERAL_NULL_CONVERSION = YES;
				CLANG_WARN_OBJC_IMPLICIT_RETAIN_SELF = YES;
				CLANG_WARN_OBJC_LITERAL_CONVERSION = YES;
				CLANG_WARN_OBJC_ROOT_CLASS = YES_ERROR;
				CLANG_WARN_QUOTED_INCLUDE_IN_FRAMEWORK_HEADER = YES;
				CLANG_WARN_RANGE_LOOP_ANALYSIS = YES;
				CLANG_WARN_STRICT_PROTOTYPES = YES;
				CLANG_WARN_SUSPICIOUS_MOVE = YES;
				CLANG_WARN_UNGUARDED_AVAILABILITY = YES_AGGRESSIVE;
				CLANG_WARN_UNREACHABLE_CODE = YES;
				CLANG_WARN__DUPLICATE_METHOD_MATCH = YES;
				COPY_PHASE_STRIP = NO;
				DEBUG_INFORMATION_FORMAT = "dwarf-with-dsym";
				ENABLE_NS_ASSERTIONS = NO;
				ENABLE_STRICT_OBJC_MSGSEND = YES;
				GCC_C_LANGUAGE_STANDARD = gnu11;
				GCC_NO_COMMON_BLOCKS = YES;
				GCC_WARN_64_TO_32_BIT_CONVERSION = YES;
				GCC_WARN_ABOUT_RETURN_TYPE = YES_ERROR;
				GCC_WARN_UNDECLARED_SELECTOR = YES;
				GCC_WARN_UNINITIALIZED_AUTOS = YES_AGGRESSIVE;
				GCC_WARN_UNUSED_FUNCTION = YES;
				GCC_WARN_UNUSED_VARIABLE = YES;
				IPHONEOS_DEPLOYMENT_TARGET = 15.5;
				MTL_ENABLE_DEBUG_INFO = NO;
				MTL_FAST_MATH = YES;
				SDKROOT = iphoneos;
				SWIFT_COMPILATION_MODE = wholemodule;
				SWIFT_OPTIMIZATION_LEVEL = "-O";
				VALIDATE_PRODUCT = YES;
			};
			name = Release;
		};
		1CFC1F752883BA7E0017F6F4 /* Debug */ = {
			isa = XCBuildConfiguration;
			buildSettings = {
				ASSETCATALOG_COMPILER_APPICON_NAME = AppIcon;
				ASSETCATALOG_COMPILER_GLOBAL_ACCENT_COLOR_NAME = AccentColor;
				CODE_SIGN_STYLE = Automatic;
				CURRENT_PROJECT_VERSION = 1;
				DEVELOPMENT_ASSET_PATHS = "\"Assignment1/Preview Content\"";
				ENABLE_PREVIEWS = YES;
				GENERATE_INFOPLIST_FILE = YES;
				INFOPLIST_KEY_UIApplicationSceneManifest_Generation = YES;
				INFOPLIST_KEY_UIApplicationSupportsIndirectInputEvents = YES;
				INFOPLIST_KEY_UILaunchScreen_Generation = YES;
				INFOPLIST_KEY_UISupportedInterfaceOrientations_iPad = "UIInterfaceOrientationPortrait UIInterfaceOrientationPortraitUpsideDown UIInterfaceOrientationLandscapeLeft UIInterfaceOrientationLandscapeRight";
				INFOPLIST_KEY_UISupportedInterfaceOrientations_iPhone = "UIInterfaceOrientationPortrait UIInterfaceOrientationLandscapeLeft UIInterfaceOrientationLandscapeRight";
				LD_RUNPATH_SEARCH_PATHS = (
					"$(inherited)",
					"@executable_path/Frameworks",
				);
				MARKETING_VERSION = 1.0;
				PRODUCT_BUNDLE_IDENTIFIER = rmit.cuongNguyen.Assignment1;
				PRODUCT_NAME = "$(TARGET_NAME)";
				SWIFT_EMIT_LOC_STRINGS = YES;
				SWIFT_VERSION = 5.0;
				TARGETED_DEVICE_FAMILY = "1,2";
			};
			name = Debug;
		};
		1CFC1F762883BA7E0017F6F4 /* Release */ = {
			isa = XCBuildConfiguration;
			buildSettings = {
				ASSETCATALOG_COMPILER_APPICON_NAME = AppIcon;
				ASSETCATALOG_COMPILER_GLOBAL_ACCENT_COLOR_NAME = AccentColor;
				CODE_SIGN_STYLE = Automatic;
				CURRENT_PROJECT_VERSION = 1;
				DEVELOPMENT_ASSET_PATHS = "\"Assignment1/Preview Content\"";
				ENABLE_PREVIEWS = YES;
				GENERATE_INFOPLIST_FILE = YES;
				INFOPLIST_KEY_UIApplicationSceneManifest_Generation = YES;
				INFOPLIST_KEY_UIApplicationSupportsIndirectInputEvents = YES;
				INFOPLIST_KEY_UILaunchScreen_Generation = YES;
				INFOPLIST_KEY_UISupportedInterfaceOrientations_iPad = "UIInterfaceOrientationPortrait UIInterfaceOrientationPortraitUpsideDown UIInterfaceOrientationLandscapeLeft UIInterfaceOrientationLandscapeRight";
				INFOPLIST_KEY_UISupportedInterfaceOrientations_iPhone = "UIInterfaceOrientationPortrait UIInterfaceOrientationLandscapeLeft UIInterfaceOrientationLandscapeRight";
				LD_RUNPATH_SEARCH_PATHS = (
					"$(inherited)",
					"@executable_path/Frameworks",
				);
				MARKETING_VERSION = 1.0;
				PRODUCT_BUNDLE_IDENTIFIER = rmit.cuongNguyen.Assignment1;
				PRODUCT_NAME = "$(TARGET_NAME)";
				SWIFT_EMIT_LOC_STRINGS = YES;
				SWIFT_VERSION = 5.0;
				TARGETED_DEVICE_FAMILY = "1,2";
			};
			name = Release;
		};
		1CFC1F782883BA7E0017F6F4 /* Debug */ = {
			isa = XCBuildConfiguration;
			buildSettings = {
				ALWAYS_EMBED_SWIFT_STANDARD_LIBRARIES = YES;
				BUNDLE_LOADER = "$(TEST_HOST)";
				CODE_SIGN_STYLE = Automatic;
				CURRENT_PROJECT_VERSION = 1;
				GENERATE_INFOPLIST_FILE = YES;
				IPHONEOS_DEPLOYMENT_TARGET = 15.5;
				MARKETING_VERSION = 1.0;
				PRODUCT_BUNDLE_IDENTIFIER = rmit.cuongNguyen.Assignment1Tests;
				PRODUCT_NAME = "$(TARGET_NAME)";
				SWIFT_EMIT_LOC_STRINGS = NO;
				SWIFT_VERSION = 5.0;
				TARGETED_DEVICE_FAMILY = "1,2";
				TEST_HOST = "$(BUILT_PRODUCTS_DIR)/Assignment1.app/Assignment1";
			};
			name = Debug;
		};
		1CFC1F792883BA7E0017F6F4 /* Release */ = {
			isa = XCBuildConfiguration;
			buildSettings = {
				ALWAYS_EMBED_SWIFT_STANDARD_LIBRARIES = YES;
				BUNDLE_LOADER = "$(TEST_HOST)";
				CODE_SIGN_STYLE = Automatic;
				CURRENT_PROJECT_VERSION = 1;
				GENERATE_INFOPLIST_FILE = YES;
				IPHONEOS_DEPLOYMENT_TARGET = 15.5;
				MARKETING_VERSION = 1.0;
				PRODUCT_BUNDLE_IDENTIFIER = rmit.cuongNguyen.Assignment1Tests;
				PRODUCT_NAME = "$(TARGET_NAME)";
				SWIFT_EMIT_LOC_STRINGS = NO;
				SWIFT_VERSION = 5.0;
				TARGETED_DEVICE_FAMILY = "1,2";
				TEST_HOST = "$(BUILT_PRODUCTS_DIR)/Assignment1.app/Assignment1";
			};
			name = Release;
		};
		1CFC1F7B2883BA7E0017F6F4 /* Debug */ = {
			isa = XCBuildConfiguration;
			buildSettings = {
				ALWAYS_EMBED_SWIFT_STANDARD_LIBRARIES = YES;
				CODE_SIGN_STYLE = Automatic;
				CURRENT_PROJECT_VERSION = 1;
				GENERATE_INFOPLIST_FILE = YES;
				MARKETING_VERSION = 1.0;
				PRODUCT_BUNDLE_IDENTIFIER = rmit.cuongNguyen.Assignment1UITests;
				PRODUCT_NAME = "$(TARGET_NAME)";
				SWIFT_EMIT_LOC_STRINGS = NO;
				SWIFT_VERSION = 5.0;
				TARGETED_DEVICE_FAMILY = "1,2";
				TEST_TARGET_NAME = Assignment1;
			};
			name = Debug;
		};
		1CFC1F7C2883BA7E0017F6F4 /* Release */ = {
			isa = XCBuildConfiguration;
			buildSettings = {
				ALWAYS_EMBED_SWIFT_STANDARD_LIBRARIES = YES;
				CODE_SIGN_STYLE = Automatic;
				CURRENT_PROJECT_VERSION = 1;
				GENERATE_INFOPLIST_FILE = YES;
				MARKETING_VERSION = 1.0;
				PRODUCT_BUNDLE_IDENTIFIER = rmit.cuongNguyen.Assignment1UITests;
				PRODUCT_NAME = "$(TARGET_NAME)";
				SWIFT_EMIT_LOC_STRINGS = NO;
				SWIFT_VERSION = 5.0;
				TARGETED_DEVICE_FAMILY = "1,2";
				TEST_TARGET_NAME = Assignment1;
			};
			name = Release;
		};
/* End XCBuildConfiguration section */

/* Begin XCConfigurationList section */
		1CFC1F4B2883BA7C0017F6F4 /* Build configuration list for PBXProject "Assignment1" */ = {
			isa = XCConfigurationList;
			buildConfigurations = (
				1CFC1F722883BA7E0017F6F4 /* Debug */,
				1CFC1F732883BA7E0017F6F4 /* Release */,
			);
			defaultConfigurationIsVisible = 0;
			defaultConfigurationName = Release;
		};
		1CFC1F742883BA7E0017F6F4 /* Build configuration list for PBXNativeTarget "Assignment1" */ = {
			isa = XCConfigurationList;
			buildConfigurations = (
				1CFC1F752883BA7E0017F6F4 /* Debug */,
				1CFC1F762883BA7E0017F6F4 /* Release */,
			);
			defaultConfigurationIsVisible = 0;
			defaultConfigurationName = Release;
		};
		1CFC1F772883BA7E0017F6F4 /* Build configuration list for PBXNativeTarget "Assignment1Tests" */ = {
			isa = XCConfigurationList;
			buildConfigurations = (
				1CFC1F782883BA7E0017F6F4 /* Debug */,
				1CFC1F792883BA7E0017F6F4 /* Release */,
			);
			defaultConfigurationIsVisible = 0;
			defaultConfigurationName = Release;
		};
		1CFC1F7A2883BA7E0017F6F4 /* Build configuration list for PBXNativeTarget "Assignment1UITests" */ = {
			isa = XCConfigurationList;
			buildConfigurations = (
				1CFC1F7B2883BA7E0017F6F4 /* Debug */,
				1CFC1F7C2883BA7E0017F6F4 /* Release */,
			);
			defaultConfigurationIsVisible = 0;
			defaultConfigurationName = Release;
		};
/* End XCConfigurationList section */
	};
	rootObject = 1CFC1F482883BA7C0017F6F4 /* Project object */;
}
